// !$*UTF8*$!
{
	archiveVersion = 1;
	classes = {
	};
	objectVersion = 51;
	objects = {

/* Begin PBXBuildFile section */
		0EC3A111FE79323EEA1521B2 /* Pods_Articles.framework in Frameworks */ = {isa = PBXBuildFile; fileRef = 3B1182F538D4A989C1B4AEAE /* Pods_Articles.framework */; };
		3189F091240DDF6900E85DFA /* AppDelegate.swift in Sources */ = {isa = PBXBuildFile; fileRef = 3189F090240DDF6900E85DFA /* AppDelegate.swift */; };
		3189F093240DDF6900E85DFA /* SceneDelegate.swift in Sources */ = {isa = PBXBuildFile; fileRef = 3189F092240DDF6900E85DFA /* SceneDelegate.swift */; };
		3189F095240DDF6900E85DFA /* ViewController.swift in Sources */ = {isa = PBXBuildFile; fileRef = 3189F094240DDF6900E85DFA /* ViewController.swift */; };
		3189F09A240DDF6C00E85DFA /* Assets.xcassets in Resources */ = {isa = PBXBuildFile; fileRef = 3189F099240DDF6C00E85DFA /* Assets.xcassets */; };
		3189F09D240DDF6C00E85DFA /* LaunchScreen.storyboard in Resources */ = {isa = PBXBuildFile; fileRef = 3189F09B240DDF6C00E85DFA /* LaunchScreen.storyboard */; };
		3189F0A8240DDF6C00E85DFA /* ArticlesTests.swift in Sources */ = {isa = PBXBuildFile; fileRef = 3189F0A7240DDF6C00E85DFA /* ArticlesTests.swift */; };
		3189F0B5240DE2D300E85DFA /* Article.swift in Sources */ = {isa = PBXBuildFile; fileRef = 3189F0B4240DE2D300E85DFA /* Article.swift */; };
		3189F0B7240DE2E100E85DFA /* Requester.swift in Sources */ = {isa = PBXBuildFile; fileRef = 3189F0B6240DE2E100E85DFA /* Requester.swift */; };
		3189F0B9240DE2F100E85DFA /* RequestRouter.swift in Sources */ = {isa = PBXBuildFile; fileRef = 3189F0B8240DE2F100E85DFA /* RequestRouter.swift */; };
		3189F0BE240F108F00E85DFA /* MainCoordinator.swift in Sources */ = {isa = PBXBuildFile; fileRef = 3189F0BD240F108F00E85DFA /* MainCoordinator.swift */; };
		3189F0C0240F109C00E85DFA /* Coordinator.swift in Sources */ = {isa = PBXBuildFile; fileRef = 3189F0BF240F109C00E85DFA /* Coordinator.swift */; };
		3189F0C3240F128800E85DFA /* ArticlesListViewController.swift in Sources */ = {isa = PBXBuildFile; fileRef = 3189F0C1240F128800E85DFA /* ArticlesListViewController.swift */; };
		3189F0C4240F128800E85DFA /* ArticlesListViewController.xib in Resources */ = {isa = PBXBuildFile; fileRef = 3189F0C2240F128800E85DFA /* ArticlesListViewController.xib */; };
		3189F0C7240F134E00E85DFA /* ArticlesViewModel.swift in Sources */ = {isa = PBXBuildFile; fileRef = 3189F0C6240F134E00E85DFA /* ArticlesViewModel.swift */; };
		3189F0CB240F17F200E85DFA /* ArticleTableViewCell.swift in Sources */ = {isa = PBXBuildFile; fileRef = 3189F0C9240F17F200E85DFA /* ArticleTableViewCell.swift */; };
		3189F0CC240F17F200E85DFA /* ArticleTableViewCell.xib in Resources */ = {isa = PBXBuildFile; fileRef = 3189F0CA240F17F200E85DFA /* ArticleTableViewCell.xib */; };
		3189F0D4240F375E00E85DFA /* ImageCacheLoader.swift in Sources */ = {isa = PBXBuildFile; fileRef = 3189F0D3240F375E00E85DFA /* ImageCacheLoader.swift */; };
		3189F0D7240F4A2400E85DFA /* UIView.swift in Sources */ = {isa = PBXBuildFile; fileRef = 3189F0D6240F4A2400E85DFA /* UIView.swift */; };
		3189F0DB240F4D0800E85DFA /* Colors.swift in Sources */ = {isa = PBXBuildFile; fileRef = 3189F0DA240F4D0800E85DFA /* Colors.swift */; };
		3189F0DD240F4E1600E85DFA /* Spinner.swift in Sources */ = {isa = PBXBuildFile; fileRef = 3189F0DC240F4E1600E85DFA /* Spinner.swift */; };
		3189F0DF240F4E6F00E85DFA /* UIViewController.swift in Sources */ = {isa = PBXBuildFile; fileRef = 3189F0DE240F4E6F00E85DFA /* UIViewController.swift */; };
		3189F0E12410851700E85DFA /* Tags.swift in Sources */ = {isa = PBXBuildFile; fileRef = 3189F0E02410851700E85DFA /* Tags.swift */; };
		3189F0E9241093D700E85DFA /* Date.swift in Sources */ = {isa = PBXBuildFile; fileRef = 3189F0E8241093D700E85DFA /* Date.swift */; };
		3189F0EB241095DA00E85DFA /* Array.swift in Sources */ = {isa = PBXBuildFile; fileRef = 3189F0EA241095DA00E85DFA /* Array.swift */; };
		3189F0ED24109FD500E85DFA /* String.swift in Sources */ = {isa = PBXBuildFile; fileRef = 3189F0EC24109FD500E85DFA /* String.swift */; };
		EFECBA8B4465D1A35361BB08 /* Pods_ArticlesTests.framework in Frameworks */ = {isa = PBXBuildFile; fileRef = DCF85D142E9FABF7B0A06479 /* Pods_ArticlesTests.framework */; };
/* End PBXBuildFile section */

/* Begin PBXContainerItemProxy section */
		3189F0A4240DDF6C00E85DFA /* PBXContainerItemProxy */ = {
			isa = PBXContainerItemProxy;
			containerPortal = 3189F085240DDF6900E85DFA /* Project object */;
			proxyType = 1;
			remoteGlobalIDString = 3189F08C240DDF6900E85DFA;
			remoteInfo = Articles;
		};
/* End PBXContainerItemProxy section */

/* Begin PBXFileReference section */
		3189F08D240DDF6900E85DFA /* Articles.app */ = {isa = PBXFileReference; explicitFileType = wrapper.application; includeInIndex = 0; path = Articles.app; sourceTree = BUILT_PRODUCTS_DIR; };
		3189F090240DDF6900E85DFA /* AppDelegate.swift */ = {isa = PBXFileReference; lastKnownFileType = sourcecode.swift; path = AppDelegate.swift; sourceTree = "<group>"; };
		3189F092240DDF6900E85DFA /* SceneDelegate.swift */ = {isa = PBXFileReference; lastKnownFileType = sourcecode.swift; path = SceneDelegate.swift; sourceTree = "<group>"; };
		3189F094240DDF6900E85DFA /* ViewController.swift */ = {isa = PBXFileReference; lastKnownFileType = sourcecode.swift; path = ViewController.swift; sourceTree = "<group>"; };
		3189F099240DDF6C00E85DFA /* Assets.xcassets */ = {isa = PBXFileReference; lastKnownFileType = folder.assetcatalog; path = Assets.xcassets; sourceTree = "<group>"; };
		3189F09C240DDF6C00E85DFA /* Base */ = {isa = PBXFileReference; lastKnownFileType = file.storyboard; name = Base; path = Base.lproj/LaunchScreen.storyboard; sourceTree = "<group>"; };
		3189F09E240DDF6C00E85DFA /* Info.plist */ = {isa = PBXFileReference; lastKnownFileType = text.plist.xml; path = Info.plist; sourceTree = "<group>"; };
		3189F0A3240DDF6C00E85DFA /* ArticlesTests.xctest */ = {isa = PBXFileReference; explicitFileType = wrapper.cfbundle; includeInIndex = 0; path = ArticlesTests.xctest; sourceTree = BUILT_PRODUCTS_DIR; };
		3189F0A7240DDF6C00E85DFA /* ArticlesTests.swift */ = {isa = PBXFileReference; lastKnownFileType = sourcecode.swift; path = ArticlesTests.swift; sourceTree = "<group>"; };
		3189F0A9240DDF6C00E85DFA /* Info.plist */ = {isa = PBXFileReference; lastKnownFileType = text.plist.xml; path = Info.plist; sourceTree = "<group>"; };
		3189F0B4240DE2D300E85DFA /* Article.swift */ = {isa = PBXFileReference; lastKnownFileType = sourcecode.swift; path = Article.swift; sourceTree = "<group>"; };
		3189F0B6240DE2E100E85DFA /* Requester.swift */ = {isa = PBXFileReference; lastKnownFileType = sourcecode.swift; path = Requester.swift; sourceTree = "<group>"; };
		3189F0B8240DE2F100E85DFA /* RequestRouter.swift */ = {isa = PBXFileReference; lastKnownFileType = sourcecode.swift; path = RequestRouter.swift; sourceTree = "<group>"; };
		3189F0BD240F108F00E85DFA /* MainCoordinator.swift */ = {isa = PBXFileReference; lastKnownFileType = sourcecode.swift; path = MainCoordinator.swift; sourceTree = "<group>"; };
		3189F0BF240F109C00E85DFA /* Coordinator.swift */ = {isa = PBXFileReference; lastKnownFileType = sourcecode.swift; path = Coordinator.swift; sourceTree = "<group>"; };
		3189F0C1240F128800E85DFA /* ArticlesListViewController.swift */ = {isa = PBXFileReference; lastKnownFileType = sourcecode.swift; path = ArticlesListViewController.swift; sourceTree = "<group>"; };
		3189F0C2240F128800E85DFA /* ArticlesListViewController.xib */ = {isa = PBXFileReference; lastKnownFileType = file.xib; path = ArticlesListViewController.xib; sourceTree = "<group>"; };
		3189F0C6240F134E00E85DFA /* ArticlesViewModel.swift */ = {isa = PBXFileReference; lastKnownFileType = sourcecode.swift; path = ArticlesViewModel.swift; sourceTree = "<group>"; };
		3189F0C9240F17F200E85DFA /* ArticleTableViewCell.swift */ = {isa = PBXFileReference; lastKnownFileType = sourcecode.swift; path = ArticleTableViewCell.swift; sourceTree = "<group>"; };
		3189F0CA240F17F200E85DFA /* ArticleTableViewCell.xib */ = {isa = PBXFileReference; lastKnownFileType = file.xib; path = ArticleTableViewCell.xib; sourceTree = "<group>"; };
		3189F0CF240F1B6700E85DFA /* SFProText-Semibold.ttf */ = {isa = PBXFileReference; lastKnownFileType = file; name = "SFProText-Semibold.ttf"; path = "../../../../../../Downloads/SFProText-Semibold.ttf"; sourceTree = "<group>"; };
		3189F0D0240F1B6700E85DFA /* SFProText-Regular.ttf */ = {isa = PBXFileReference; lastKnownFileType = file; name = "SFProText-Regular.ttf"; path = "../../../../../../Downloads/SFProText-Regular.ttf"; sourceTree = "<group>"; };
		3189F0D3240F375E00E85DFA /* ImageCacheLoader.swift */ = {isa = PBXFileReference; lastKnownFileType = sourcecode.swift; path = ImageCacheLoader.swift; sourceTree = "<group>"; };
		3189F0D6240F4A2400E85DFA /* UIView.swift */ = {isa = PBXFileReference; lastKnownFileType = sourcecode.swift; path = UIView.swift; sourceTree = "<group>"; };
		3189F0DA240F4D0800E85DFA /* Colors.swift */ = {isa = PBXFileReference; lastKnownFileType = sourcecode.swift; path = Colors.swift; sourceTree = "<group>"; };
		3189F0DC240F4E1600E85DFA /* Spinner.swift */ = {isa = PBXFileReference; lastKnownFileType = sourcecode.swift; path = Spinner.swift; sourceTree = "<group>"; };
		3189F0DE240F4E6F00E85DFA /* UIViewController.swift */ = {isa = PBXFileReference; lastKnownFileType = sourcecode.swift; path = UIViewController.swift; sourceTree = "<group>"; };
		3189F0E02410851700E85DFA /* Tags.swift */ = {isa = PBXFileReference; lastKnownFileType = sourcecode.swift; path = Tags.swift; sourceTree = "<group>"; };
		3189F0E8241093D700E85DFA /* Date.swift */ = {isa = PBXFileReference; lastKnownFileType = sourcecode.swift; path = Date.swift; sourceTree = "<group>"; };
		3189F0EA241095DA00E85DFA /* Array.swift */ = {isa = PBXFileReference; lastKnownFileType = sourcecode.swift; path = Array.swift; sourceTree = "<group>"; };
		3189F0EC24109FD500E85DFA /* String.swift */ = {isa = PBXFileReference; lastKnownFileType = sourcecode.swift; path = String.swift; sourceTree = "<group>"; };
		3B1182F538D4A989C1B4AEAE /* Pods_Articles.framework */ = {isa = PBXFileReference; explicitFileType = wrapper.framework; includeInIndex = 0; path = Pods_Articles.framework; sourceTree = BUILT_PRODUCTS_DIR; };
		55E0B3193B347E3C670F2E2B /* Pods-Articles.debug.xcconfig */ = {isa = PBXFileReference; includeInIndex = 1; lastKnownFileType = text.xcconfig; name = "Pods-Articles.debug.xcconfig"; path = "Target Support Files/Pods-Articles/Pods-Articles.debug.xcconfig"; sourceTree = "<group>"; };
		75B328D6F5E0A8A6AC967C3F /* Pods-Articles.release.xcconfig */ = {isa = PBXFileReference; includeInIndex = 1; lastKnownFileType = text.xcconfig; name = "Pods-Articles.release.xcconfig"; path = "Target Support Files/Pods-Articles/Pods-Articles.release.xcconfig"; sourceTree = "<group>"; };
		933E50E556604B76B6C31029 /* Pods-ArticlesTests.release.xcconfig */ = {isa = PBXFileReference; includeInIndex = 1; lastKnownFileType = text.xcconfig; name = "Pods-ArticlesTests.release.xcconfig"; path = "Target Support Files/Pods-ArticlesTests/Pods-ArticlesTests.release.xcconfig"; sourceTree = "<group>"; };
		DCF85D142E9FABF7B0A06479 /* Pods_ArticlesTests.framework */ = {isa = PBXFileReference; explicitFileType = wrapper.framework; includeInIndex = 0; path = Pods_ArticlesTests.framework; sourceTree = BUILT_PRODUCTS_DIR; };
		F10D2CB412CF23949325F969 /* Pods-ArticlesTests.debug.xcconfig */ = {isa = PBXFileReference; includeInIndex = 1; lastKnownFileType = text.xcconfig; name = "Pods-ArticlesTests.debug.xcconfig"; path = "Target Support Files/Pods-ArticlesTests/Pods-ArticlesTests.debug.xcconfig"; sourceTree = "<group>"; };
/* End PBXFileReference section */

/* Begin PBXFrameworksBuildPhase section */
		3189F08A240DDF6900E85DFA /* Frameworks */ = {
			isa = PBXFrameworksBuildPhase;
			buildActionMask = 2147483647;
			files = (
				0EC3A111FE79323EEA1521B2 /* Pods_Articles.framework in Frameworks */,
			);
			runOnlyForDeploymentPostprocessing = 0;
		};
		3189F0A0240DDF6C00E85DFA /* Frameworks */ = {
			isa = PBXFrameworksBuildPhase;
			buildActionMask = 2147483647;
			files = (
				EFECBA8B4465D1A35361BB08 /* Pods_ArticlesTests.framework in Frameworks */,
			);
			runOnlyForDeploymentPostprocessing = 0;
		};
/* End PBXFrameworksBuildPhase section */

/* Begin PBXGroup section */
		048401A32EB84FD696AE20FA /* Frameworks */ = {
			isa = PBXGroup;
			children = (
				3B1182F538D4A989C1B4AEAE /* Pods_Articles.framework */,
				DCF85D142E9FABF7B0A06479 /* Pods_ArticlesTests.framework */,
			);
			name = Frameworks;
			sourceTree = "<group>";
		};
		3189F084240DDF6900E85DFA = {
			isa = PBXGroup;
			children = (
				3189F08F240DDF6900E85DFA /* Articles */,
				3189F0A6240DDF6C00E85DFA /* ArticlesTests */,
				3189F08E240DDF6900E85DFA /* Products */,
				D8C5C42A70D769F9EB0AAB2A /* Pods */,
				048401A32EB84FD696AE20FA /* Frameworks */,
			);
			sourceTree = "<group>";
		};
		3189F08E240DDF6900E85DFA /* Products */ = {
			isa = PBXGroup;
			children = (
				3189F08D240DDF6900E85DFA /* Articles.app */,
				3189F0A3240DDF6C00E85DFA /* ArticlesTests.xctest */,
			);
			name = Products;
			sourceTree = "<group>";
		};
		3189F08F240DDF6900E85DFA /* Articles */ = {
			isa = PBXGroup;
			children = (
				3189F0D9240F4CFF00E85DFA /* Helpers */,
				3189F0D5240F4A1600E85DFA /* Extensions */,
				3189F0CD240F1B4100E85DFA /* Resources */,
				3189F0BC240F107700E85DFA /* Flow */,
				3189F0C8240F17B800E85DFA /* Cells */,
				3189F0BA240F0FE100E85DFA /* ArticlesViewer */,
				3189F0B2240DE2B100E85DFA /* Network */,
				3189F0B3240DE2B400E85DFA /* Model */,
				3189F090240DDF6900E85DFA /* AppDelegate.swift */,
				3189F092240DDF6900E85DFA /* SceneDelegate.swift */,
				3189F094240DDF6900E85DFA /* ViewController.swift */,
				3189F099240DDF6C00E85DFA /* Assets.xcassets */,
				3189F09B240DDF6C00E85DFA /* LaunchScreen.storyboard */,
				3189F09E240DDF6C00E85DFA /* Info.plist */,
			);
			path = Articles;
			sourceTree = "<group>";
		};
		3189F0A6240DDF6C00E85DFA /* ArticlesTests */ = {
			isa = PBXGroup;
			children = (
				3189F0A7240DDF6C00E85DFA /* ArticlesTests.swift */,
				3189F0A9240DDF6C00E85DFA /* Info.plist */,
			);
			path = ArticlesTests;
			sourceTree = "<group>";
		};
		3189F0B2240DE2B100E85DFA /* Network */ = {
			isa = PBXGroup;
			children = (
				3189F0B6240DE2E100E85DFA /* Requester.swift */,
				3189F0B8240DE2F100E85DFA /* RequestRouter.swift */,
				3189F0D3240F375E00E85DFA /* ImageCacheLoader.swift */,
			);
			path = Network;
			sourceTree = "<group>";
		};
		3189F0B3240DE2B400E85DFA /* Model */ = {
			isa = PBXGroup;
			children = (
				3189F0B4240DE2D300E85DFA /* Article.swift */,
				3189F0E02410851700E85DFA /* Tags.swift */,
			);
			name = Model;
			path = ../Model;
			sourceTree = "<group>";
		};
		3189F0BA240F0FE100E85DFA /* ArticlesViewer */ = {
			isa = PBXGroup;
			children = (
				3189F0C5240F134000E85DFA /* ViewModel */,
				3189F0BB240F107300E85DFA /* View */,
			);
			path = ArticlesViewer;
			sourceTree = "<group>";
		};
		3189F0BB240F107300E85DFA /* View */ = {
			isa = PBXGroup;
			children = (
				3189F0C1240F128800E85DFA /* ArticlesListViewController.swift */,
				3189F0C2240F128800E85DFA /* ArticlesListViewController.xib */,
			);
			path = View;
			sourceTree = "<group>";
		};
		3189F0BC240F107700E85DFA /* Flow */ = {
			isa = PBXGroup;
			children = (
				3189F0BD240F108F00E85DFA /* MainCoordinator.swift */,
				3189F0BF240F109C00E85DFA /* Coordinator.swift */,
			);
			path = Flow;
			sourceTree = "<group>";
		};
		3189F0C5240F134000E85DFA /* ViewModel */ = {
			isa = PBXGroup;
			children = (
				3189F0C6240F134E00E85DFA /* ArticlesViewModel.swift */,
			);
			path = ViewModel;
			sourceTree = "<group>";
		};
		3189F0C8240F17B800E85DFA /* Cells */ = {
			isa = PBXGroup;
			children = (
				3189F0C9240F17F200E85DFA /* ArticleTableViewCell.swift */,
				3189F0CA240F17F200E85DFA /* ArticleTableViewCell.xib */,
			);
			path = Cells;
			sourceTree = "<group>";
		};
		3189F0CD240F1B4100E85DFA /* Resources */ = {
			isa = PBXGroup;
			children = (
				3189F0CE240F1B4700E85DFA /* Fonts */,
			);
			path = Resources;
			sourceTree = "<group>";
		};
		3189F0CE240F1B4700E85DFA /* Fonts */ = {
			isa = PBXGroup;
			children = (
				3189F0D0240F1B6700E85DFA /* SFProText-Regular.ttf */,
				3189F0CF240F1B6700E85DFA /* SFProText-Semibold.ttf */,
			);
			path = Fonts;
			sourceTree = "<group>";
		};
		3189F0D5240F4A1600E85DFA /* Extensions */ = {
			isa = PBXGroup;
			children = (
				3189F0D6240F4A2400E85DFA /* UIView.swift */,
				3189F0DE240F4E6F00E85DFA /* UIViewController.swift */,
				3189F0E8241093D700E85DFA /* Date.swift */,
				3189F0EA241095DA00E85DFA /* Array.swift */,
				3189F0EC24109FD500E85DFA /* String.swift */,
			);
			path = Extensions;
			sourceTree = "<group>";
		};
		3189F0D9240F4CFF00E85DFA /* Helpers */ = {
			isa = PBXGroup;
			children = (
				3189F0DA240F4D0800E85DFA /* Colors.swift */,
				3189F0DC240F4E1600E85DFA /* Spinner.swift */,
			);
			path = Helpers;
			sourceTree = "<group>";
		};
		D8C5C42A70D769F9EB0AAB2A /* Pods */ = {
			isa = PBXGroup;
			children = (
				55E0B3193B347E3C670F2E2B /* Pods-Articles.debug.xcconfig */,
				75B328D6F5E0A8A6AC967C3F /* Pods-Articles.release.xcconfig */,
				F10D2CB412CF23949325F969 /* Pods-ArticlesTests.debug.xcconfig */,
				933E50E556604B76B6C31029 /* Pods-ArticlesTests.release.xcconfig */,
			);
			path = Pods;
			sourceTree = "<group>";
		};
/* End PBXGroup section */

/* Begin PBXNativeTarget section */
		3189F08C240DDF6900E85DFA /* Articles */ = {
			isa = PBXNativeTarget;
			buildConfigurationList = 3189F0AC240DDF6C00E85DFA /* Build configuration list for PBXNativeTarget "Articles" */;
			buildPhases = (
				73B14CB5EFDB66A6DE5294B9 /* [CP] Check Pods Manifest.lock */,
				3189F089240DDF6900E85DFA /* Sources */,
				3189F08A240DDF6900E85DFA /* Frameworks */,
				3189F08B240DDF6900E85DFA /* Resources */,
				78E406224B10A4E37803FE2E /* [CP] Embed Pods Frameworks */,
			);
			buildRules = (
			);
			dependencies = (
			);
			name = Articles;
			productName = Articles;
			productReference = 3189F08D240DDF6900E85DFA /* Articles.app */;
			productType = "com.apple.product-type.application";
		};
		3189F0A2240DDF6C00E85DFA /* ArticlesTests */ = {
			isa = PBXNativeTarget;
			buildConfigurationList = 3189F0AF240DDF6C00E85DFA /* Build configuration list for PBXNativeTarget "ArticlesTests" */;
			buildPhases = (
				88E2EDCE12400E42642F4D3D /* [CP] Check Pods Manifest.lock */,
				3189F09F240DDF6C00E85DFA /* Sources */,
				3189F0A0240DDF6C00E85DFA /* Frameworks */,
				3189F0A1240DDF6C00E85DFA /* Resources */,
			);
			buildRules = (
			);
			dependencies = (
				3189F0A5240DDF6C00E85DFA /* PBXTargetDependency */,
			);
			name = ArticlesTests;
			productName = ArticlesTests;
			productReference = 3189F0A3240DDF6C00E85DFA /* ArticlesTests.xctest */;
			productType = "com.apple.product-type.bundle.unit-test";
		};
/* End PBXNativeTarget section */

/* Begin PBXProject section */
		3189F085240DDF6900E85DFA /* Project object */ = {
			isa = PBXProject;
			attributes = {
				LastSwiftUpdateCheck = 1130;
				LastUpgradeCheck = 1130;
				ORGANIZATIONNAME = "Gabriel Conte";
				TargetAttributes = {
					3189F08C240DDF6900E85DFA = {
						CreatedOnToolsVersion = 11.3.1;
					};
					3189F0A2240DDF6C00E85DFA = {
						CreatedOnToolsVersion = 11.3.1;
						TestTargetID = 3189F08C240DDF6900E85DFA;
					};
				};
			};
			buildConfigurationList = 3189F088240DDF6900E85DFA /* Build configuration list for PBXProject "Articles" */;
			compatibilityVersion = "Xcode 9.3";
			developmentRegion = en;
			hasScannedForEncodings = 0;
			knownRegions = (
				en,
				Base,
			);
			mainGroup = 3189F084240DDF6900E85DFA;
			productRefGroup = 3189F08E240DDF6900E85DFA /* Products */;
			projectDirPath = "";
			projectRoot = "";
			targets = (
				3189F08C240DDF6900E85DFA /* Articles */,
				3189F0A2240DDF6C00E85DFA /* ArticlesTests */,
			);
		};
/* End PBXProject section */

/* Begin PBXResourcesBuildPhase section */
		3189F08B240DDF6900E85DFA /* Resources */ = {
			isa = PBXResourcesBuildPhase;
			buildActionMask = 2147483647;
			files = (
				3189F0CC240F17F200E85DFA /* ArticleTableViewCell.xib in Resources */,
				3189F09D240DDF6C00E85DFA /* LaunchScreen.storyboard in Resources */,
				3189F0C4240F128800E85DFA /* ArticlesListViewController.xib in Resources */,
				3189F09A240DDF6C00E85DFA /* Assets.xcassets in Resources */,
			);
			runOnlyForDeploymentPostprocessing = 0;
		};
		3189F0A1240DDF6C00E85DFA /* Resources */ = {
			isa = PBXResourcesBuildPhase;
			buildActionMask = 2147483647;
			files = (
			);
			runOnlyForDeploymentPostprocessing = 0;
		};
/* End PBXResourcesBuildPhase section */

/* Begin PBXShellScriptBuildPhase section */
		73B14CB5EFDB66A6DE5294B9 /* [CP] Check Pods Manifest.lock */ = {
			isa = PBXShellScriptBuildPhase;
			buildActionMask = 2147483647;
			files = (
			);
			inputFileListPaths = (
			);
			inputPaths = (
				"${PODS_PODFILE_DIR_PATH}/Podfile.lock",
				"${PODS_ROOT}/Manifest.lock",
			);
			name = "[CP] Check Pods Manifest.lock";
			outputFileListPaths = (
			);
			outputPaths = (
				"$(DERIVED_FILE_DIR)/Pods-Articles-checkManifestLockResult.txt",
			);
			runOnlyForDeploymentPostprocessing = 0;
			shellPath = /bin/sh;
			shellScript = "diff \"${PODS_PODFILE_DIR_PATH}/Podfile.lock\" \"${PODS_ROOT}/Manifest.lock\" > /dev/null\nif [ $? != 0 ] ; then\n    # print error to STDERR\n    echo \"error: The sandbox is not in sync with the Podfile.lock. Run 'pod install' or update your CocoaPods installation.\" >&2\n    exit 1\nfi\n# This output is used by Xcode 'outputs' to avoid re-running this script phase.\necho \"SUCCESS\" > \"${SCRIPT_OUTPUT_FILE_0}\"\n";
			showEnvVarsInLog = 0;
		};
		78E406224B10A4E37803FE2E /* [CP] Embed Pods Frameworks */ = {
			isa = PBXShellScriptBuildPhase;
			buildActionMask = 2147483647;
			files = (
			);
			inputFileListPaths = (
				"${PODS_ROOT}/Target Support Files/Pods-Articles/Pods-Articles-frameworks-${CONFIGURATION}-input-files.xcfilelist",
			);
			name = "[CP] Embed Pods Frameworks";
			outputFileListPaths = (
				"${PODS_ROOT}/Target Support Files/Pods-Articles/Pods-Articles-frameworks-${CONFIGURATION}-output-files.xcfilelist",
			);
			runOnlyForDeploymentPostprocessing = 0;
			shellPath = /bin/sh;
			shellScript = "\"${PODS_ROOT}/Target Support Files/Pods-Articles/Pods-Articles-frameworks.sh\"\n";
			showEnvVarsInLog = 0;
		};
		88E2EDCE12400E42642F4D3D /* [CP] Check Pods Manifest.lock */ = {
			isa = PBXShellScriptBuildPhase;
			buildActionMask = 2147483647;
			files = (
			);
			inputFileListPaths = (
			);
			inputPaths = (
				"${PODS_PODFILE_DIR_PATH}/Podfile.lock",
				"${PODS_ROOT}/Manifest.lock",
			);
			name = "[CP] Check Pods Manifest.lock";
			outputFileListPaths = (
			);
			outputPaths = (
				"$(DERIVED_FILE_DIR)/Pods-ArticlesTests-checkManifestLockResult.txt",
			);
			runOnlyForDeploymentPostprocessing = 0;
			shellPath = /bin/sh;
			shellScript = "diff \"${PODS_PODFILE_DIR_PATH}/Podfile.lock\" \"${PODS_ROOT}/Manifest.lock\" > /dev/null\nif [ $? != 0 ] ; then\n    # print error to STDERR\n    echo \"error: The sandbox is not in sync with the Podfile.lock. Run 'pod install' or update your CocoaPods installation.\" >&2\n    exit 1\nfi\n# This output is used by Xcode 'outputs' to avoid re-running this script phase.\necho \"SUCCESS\" > \"${SCRIPT_OUTPUT_FILE_0}\"\n";
			showEnvVarsInLog = 0;
		};
/* End PBXShellScriptBuildPhase section */

/* Begin PBXSourcesBuildPhase section */
		3189F089240DDF6900E85DFA /* Sources */ = {
			isa = PBXSourcesBuildPhase;
			buildActionMask = 2147483647;
			files = (
				3189F0C0240F109C00E85DFA /* Coordinator.swift in Sources */,
				3189F0C7240F134E00E85DFA /* ArticlesViewModel.swift in Sources */,
				3189F0ED24109FD500E85DFA /* String.swift in Sources */,
				3189F0B5240DE2D300E85DFA /* Article.swift in Sources */,
				3189F0DB240F4D0800E85DFA /* Colors.swift in Sources */,
				3189F0DD240F4E1600E85DFA /* Spinner.swift in Sources */,
				3189F0D7240F4A2400E85DFA /* UIView.swift in Sources */,
				3189F0D4240F375E00E85DFA /* ImageCacheLoader.swift in Sources */,
				3189F0E9241093D700E85DFA /* Date.swift in Sources */,
				3189F0C3240F128800E85DFA /* ArticlesListViewController.swift in Sources */,
				3189F0EB241095DA00E85DFA /* Array.swift in Sources */,
				3189F0BE240F108F00E85DFA /* MainCoordinator.swift in Sources */,
				3189F0CB240F17F200E85DFA /* ArticleTableViewCell.swift in Sources */,
				3189F0E12410851700E85DFA /* Tags.swift in Sources */,
				3189F095240DDF6900E85DFA /* ViewController.swift in Sources */,
				3189F0B9240DE2F100E85DFA /* RequestRouter.swift in Sources */,
				3189F091240DDF6900E85DFA /* AppDelegate.swift in Sources */,
				3189F0B7240DE2E100E85DFA /* Requester.swift in Sources */,
				3189F0DF240F4E6F00E85DFA /* UIViewController.swift in Sources */,
				3189F093240DDF6900E85DFA /* SceneDelegate.swift in Sources */,
			);
			runOnlyForDeploymentPostprocessing = 0;
		};
		3189F09F240DDF6C00E85DFA /* Sources */ = {
			isa = PBXSourcesBuildPhase;
			buildActionMask = 2147483647;
			files = (
				3189F0A8240DDF6C00E85DFA /* ArticlesTests.swift in Sources */,
			);
			runOnlyForDeploymentPostprocessing = 0;
		};
/* End PBXSourcesBuildPhase section */

/* Begin PBXTargetDependency section */
		3189F0A5240DDF6C00E85DFA /* PBXTargetDependency */ = {
			isa = PBXTargetDependency;
			target = 3189F08C240DDF6900E85DFA /* Articles */;
			targetProxy = 3189F0A4240DDF6C00E85DFA /* PBXContainerItemProxy */;
		};
/* End PBXTargetDependency section */

/* Begin PBXVariantGroup section */
		3189F09B240DDF6C00E85DFA /* LaunchScreen.storyboard */ = {
			isa = PBXVariantGroup;
			children = (
				3189F09C240DDF6C00E85DFA /* Base */,
			);
			name = LaunchScreen.storyboard;
			sourceTree = "<group>";
		};
/* End PBXVariantGroup section */

/* Begin XCBuildConfiguration section */
		3189F0AA240DDF6C00E85DFA /* Debug */ = {
			isa = XCBuildConfiguration;
			buildSettings = {
				ALWAYS_SEARCH_USER_PATHS = NO;
				CLANG_ANALYZER_NONNULL = YES;
				CLANG_ANALYZER_NUMBER_OBJECT_CONVERSION = YES_AGGRESSIVE;
				CLANG_CXX_LANGUAGE_STANDARD = "gnu++14";
				CLANG_CXX_LIBRARY = "libc++";
				CLANG_ENABLE_MODULES = YES;
				CLANG_ENABLE_OBJC_ARC = YES;
				CLANG_ENABLE_OBJC_WEAK = YES;
				CLANG_WARN_BLOCK_CAPTURE_AUTORELEASING = YES;
				CLANG_WARN_BOOL_CONVERSION = YES;
				CLANG_WARN_COMMA = YES;
				CLANG_WARN_CONSTANT_CONVERSION = YES;
				CLANG_WARN_DEPRECATED_OBJC_IMPLEMENTATIONS = YES;
				CLANG_WARN_DIRECT_OBJC_ISA_USAGE = YES_ERROR;
				CLANG_WARN_DOCUMENTATION_COMMENTS = YES;
				CLANG_WARN_EMPTY_BODY = YES;
				CLANG_WARN_ENUM_CONVERSION = YES;
				CLANG_WARN_INFINITE_RECURSION = YES;
				CLANG_WARN_INT_CONVERSION = YES;
				CLANG_WARN_NON_LITERAL_NULL_CONVERSION = YES;
				CLANG_WARN_OBJC_IMPLICIT_RETAIN_SELF = YES;
				CLANG_WARN_OBJC_LITERAL_CONVERSION = YES;
				CLANG_WARN_OBJC_ROOT_CLASS = YES_ERROR;
				CLANG_WARN_RANGE_LOOP_ANALYSIS = YES;
				CLANG_WARN_STRICT_PROTOTYPES = YES;
				CLANG_WARN_SUSPICIOUS_MOVE = YES;
				CLANG_WARN_UNGUARDED_AVAILABILITY = YES_AGGRESSIVE;
				CLANG_WARN_UNREACHABLE_CODE = YES;
				CLANG_WARN__DUPLICATE_METHOD_MATCH = YES;
				COPY_PHASE_STRIP = NO;
				DEBUG_INFORMATION_FORMAT = dwarf;
				ENABLE_STRICT_OBJC_MSGSEND = YES;
				ENABLE_TESTABILITY = YES;
				GCC_C_LANGUAGE_STANDARD = gnu11;
				GCC_DYNAMIC_NO_PIC = NO;
				GCC_NO_COMMON_BLOCKS = YES;
				GCC_OPTIMIZATION_LEVEL = 0;
				GCC_PREPROCESSOR_DEFINITIONS = (
					"DEBUG=1",
					"$(inherited)",
				);
				GCC_WARN_64_TO_32_BIT_CONVERSION = YES;
				GCC_WARN_ABOUT_RETURN_TYPE = YES_ERROR;
				GCC_WARN_UNDECLARED_SELECTOR = YES;
				GCC_WARN_UNINITIALIZED_AUTOS = YES_AGGRESSIVE;
				GCC_WARN_UNUSED_FUNCTION = YES;
				GCC_WARN_UNUSED_VARIABLE = YES;
				IPHONEOS_DEPLOYMENT_TARGET = 13.2;
				MTL_ENABLE_DEBUG_INFO = INCLUDE_SOURCE;
				MTL_FAST_MATH = YES;
				ONLY_ACTIVE_ARCH = YES;
				SDKROOT = iphoneos;
				SWIFT_ACTIVE_COMPILATION_CONDITIONS = DEBUG;
				SWIFT_OPTIMIZATION_LEVEL = "-Onone";
			};
			name = Debug;
		};
		3189F0AB240DDF6C00E85DFA /* Release */ = {
			isa = XCBuildConfiguration;
			buildSettings = {
				ALWAYS_SEARCH_USER_PATHS = NO;
				CLANG_ANALYZER_NONNULL = YES;
				CLANG_ANALYZER_NUMBER_OBJECT_CONVERSION = YES_AGGRESSIVE;
				CLANG_CXX_LANGUAGE_STANDARD = "gnu++14";
				CLANG_CXX_LIBRARY = "libc++";
				CLANG_ENABLE_MODULES = YES;
				CLANG_ENABLE_OBJC_ARC = YES;
				CLANG_ENABLE_OBJC_WEAK = YES;
				CLANG_WARN_BLOCK_CAPTURE_AUTORELEASING = YES;
				CLANG_WARN_BOOL_CONVERSION = YES;
				CLANG_WARN_COMMA = YES;
				CLANG_WARN_CONSTANT_CONVERSION = YES;
				CLANG_WARN_DEPRECATED_OBJC_IMPLEMENTATIONS = YES;
				CLANG_WARN_DIRECT_OBJC_ISA_USAGE = YES_ERROR;
				CLANG_WARN_DOCUMENTATION_COMMENTS = YES;
				CLANG_WARN_EMPTY_BODY = YES;
				CLANG_WARN_ENUM_CONVERSION = YES;
				CLANG_WARN_INFINITE_RECURSION = YES;
				CLANG_WARN_INT_CONVERSION = YES;
				CLANG_WARN_NON_LITERAL_NULL_CONVERSION = YES;
				CLANG_WARN_OBJC_IMPLICIT_RETAIN_SELF = YES;
				CLANG_WARN_OBJC_LITERAL_CONVERSION = YES;
				CLANG_WARN_OBJC_ROOT_CLASS = YES_ERROR;
				CLANG_WARN_RANGE_LOOP_ANALYSIS = YES;
				CLANG_WARN_STRICT_PROTOTYPES = YES;
				CLANG_WARN_SUSPICIOUS_MOVE = YES;
				CLANG_WARN_UNGUARDED_AVAILABILITY = YES_AGGRESSIVE;
				CLANG_WARN_UNREACHABLE_CODE = YES;
				CLANG_WARN__DUPLICATE_METHOD_MATCH = YES;
				COPY_PHASE_STRIP = NO;
				DEBUG_INFORMATION_FORMAT = "dwarf-with-dsym";
				ENABLE_NS_ASSERTIONS = NO;
				ENABLE_STRICT_OBJC_MSGSEND = YES;
				GCC_C_LANGUAGE_STANDARD = gnu11;
				GCC_NO_COMMON_BLOCKS = YES;
				GCC_WARN_64_TO_32_BIT_CONVERSION = YES;
				GCC_WARN_ABOUT_RETURN_TYPE = YES_ERROR;
				GCC_WARN_UNDECLARED_SELECTOR = YES;
				GCC_WARN_UNINITIALIZED_AUTOS = YES_AGGRESSIVE;
				GCC_WARN_UNUSED_FUNCTION = YES;
				GCC_WARN_UNUSED_VARIABLE = YES;
				IPHONEOS_DEPLOYMENT_TARGET = 13.2;
				MTL_ENABLE_DEBUG_INFO = NO;
				MTL_FAST_MATH = YES;
				SDKROOT = iphoneos;
				SWIFT_COMPILATION_MODE = wholemodule;
				SWIFT_OPTIMIZATION_LEVEL = "-O";
				VALIDATE_PRODUCT = YES;
			};
			name = Release;
		};
		3189F0AD240DDF6C00E85DFA /* Debug */ = {
			isa = XCBuildConfiguration;
			baseConfigurationReference = 55E0B3193B347E3C670F2E2B /* Pods-Articles.debug.xcconfig */;
			buildSettings = {
				ASSETCATALOG_COMPILER_APPICON_NAME = AppIcon;
				CODE_SIGN_STYLE = Automatic;
				DEVELOPMENT_TEAM = 2HR54FA3Z7;
				INFOPLIST_FILE = Articles/Info.plist;
				LD_RUNPATH_SEARCH_PATHS = (
					"$(inherited)",
					"@executable_path/Frameworks",
				);
				PRODUCT_BUNDLE_IDENTIFIER = gabrielconte.Articles;
				PRODUCT_NAME = "$(TARGET_NAME)";
				SWIFT_VERSION = 5.0;
				TARGETED_DEVICE_FAMILY = "1,2";
			};
			name = Debug;
		};
		3189F0AE240DDF6C00E85DFA /* Release */ = {
			isa = XCBuildConfiguration;
			baseConfigurationReference = 75B328D6F5E0A8A6AC967C3F /* Pods-Articles.release.xcconfig */;
			buildSettings = {
				ASSETCATALOG_COMPILER_APPICON_NAME = AppIcon;
				CODE_SIGN_STYLE = Automatic;
				DEVELOPMENT_TEAM = 2HR54FA3Z7;
				INFOPLIST_FILE = Articles/Info.plist;
				LD_RUNPATH_SEARCH_PATHS = (
					"$(inherited)",
					"@executable_path/Frameworks",
				);
				PRODUCT_BUNDLE_IDENTIFIER = gabrielconte.Articles;
				PRODUCT_NAME = "$(TARGET_NAME)";
				SWIFT_VERSION = 5.0;
				TARGETED_DEVICE_FAMILY = "1,2";
			};
			name = Release;
		};
		3189F0B0240DDF6C00E85DFA /* Debug */ = {
			isa = XCBuildConfiguration;
			baseConfigurationReference = F10D2CB412CF23949325F969 /* Pods-ArticlesTests.debug.xcconfig */;
			buildSettings = {
				ALWAYS_EMBED_SWIFT_STANDARD_LIBRARIES = YES;
				BUNDLE_LOADER = "$(TEST_HOST)";
				CODE_SIGN_STYLE = Automatic;
				DEVELOPMENT_TEAM = 2HR54FA3Z7;
				INFOPLIST_FILE = ArticlesTests/Info.plist;
				IPHONEOS_DEPLOYMENT_TARGET = 13.2;
				LD_RUNPATH_SEARCH_PATHS = (
					"$(inherited)",
					"@executable_path/Frameworks",
					"@loader_path/Frameworks",
				);
				PRODUCT_BUNDLE_IDENTIFIER = gabrielconte.ArticlesTests;
				PRODUCT_NAME = "$(TARGET_NAME)";
				SWIFT_VERSION = 5.0;
				TARGETED_DEVICE_FAMILY = "1,2";
				TEST_HOST = "$(BUILT_PRODUCTS_DIR)/Articles.app/Articles";
			};
			name = Debug;
		};
		3189F0B1240DDF6C00E85DFA /* Release */ = {
			isa = XCBuildConfiguration;
			baseConfigurationReference = 933E50E556604B76B6C31029 /* Pods-ArticlesTests.release.xcconfig */;
			buildSettings = {
				ALWAYS_EMBED_SWIFT_STANDARD_LIBRARIES = YES;
				BUNDLE_LOADER = "$(TEST_HOST)";
				CODE_SIGN_STYLE = Automatic;
				DEVELOPMENT_TEAM = 2HR54FA3Z7;
				INFOPLIST_FILE = ArticlesTests/Info.plist;
				IPHONEOS_DEPLOYMENT_TARGET = 13.2;
				LD_RUNPATH_SEARCH_PATHS = (
					"$(inherited)",
					"@executable_path/Frameworks",
					"@loader_path/Frameworks",
				);
				PRODUCT_BUNDLE_IDENTIFIER = gabrielconte.ArticlesTests;
				PRODUCT_NAME = "$(TARGET_NAME)";
				SWIFT_VERSION = 5.0;
				TARGETED_DEVICE_FAMILY = "1,2";
				TEST_HOST = "$(BUILT_PRODUCTS_DIR)/Articles.app/Articles";
			};
			name = Release;
		};
/* End XCBuildConfiguration section */

/* Begin XCConfigurationList section */
		3189F088240DDF6900E85DFA /* Build configuration list for PBXProject "Articles" */ = {
			isa = XCConfigurationList;
			buildConfigurations = (
				3189F0AA240DDF6C00E85DFA /* Debug */,
				3189F0AB240DDF6C00E85DFA /* Release */,
			);
			defaultConfigurationIsVisible = 0;
			defaultConfigurationName = Release;
		};
		3189F0AC240DDF6C00E85DFA /* Build configuration list for PBXNativeTarget "Articles" */ = {
			isa = XCConfigurationList;
			buildConfigurations = (
				3189F0AD240DDF6C00E85DFA /* Debug */,
				3189F0AE240DDF6C00E85DFA /* Release */,
			);
			defaultConfigurationIsVisible = 0;
			defaultConfigurationName = Release;
		};
		3189F0AF240DDF6C00E85DFA /* Build configuration list for PBXNativeTarget "ArticlesTests" */ = {
			isa = XCConfigurationList;
			buildConfigurations = (
				3189F0B0240DDF6C00E85DFA /* Debug */,
				3189F0B1240DDF6C00E85DFA /* Release */,
			);
			defaultConfigurationIsVisible = 0;
			defaultConfigurationName = Release;
		};
/* End XCConfigurationList section */
	};
	rootObject = 3189F085240DDF6900E85DFA /* Project object */;
}
